# THIS IS AN AUTOGENERATED FILE. DO NOT EDIT THIS FILE DIRECTLY.
# yarn lockfile v1


postal-mime@^2.1.2:
  version "2.1.2"
  resolved "https://registry.npmjs.org/postal-mime/-/postal-mime-2.1.2.tgz"
  integrity sha512-qe8rzPOIejGMmVOKF3LTKddNAly2QQXYvgnN3o7RA0J/U0EE16s3dbvuMWF7F8+MrKSBBZnWkciYwIRzV7Arlg==
